
Microsoft Visual Studio Solution File, Format Version 12.00
# Visual Studio Version 17
VisualStudioVersion = 17.5.33424.131
MinimumVisualStudioVersion = 10.0.40219.1
Project("{2150E333-8FDC-42A3-9474-1A3956D46DE8}") = "Solution Items", "Solution Items", "{504DDC38-A2FD-4042-B4BB-85055758CCEE}"
	ProjectSection(SolutionItems) = preProject
		.gitignore = .gitignore
		LICENSE.md = LICENSE.md
		README.md = README.md
	EndProjectSection
EndProject
Project("{9A19103F-16F7-4668-BE54-9A1E7A4F7556}") = "AssetRipper.Mining.PredefinedAssets", "AssetRipper.Mining.PredefinedAssets\AssetRipper.Mining.PredefinedAssets.csproj", "{FB07EA28-DF08-4B94-8368-125C7BB54C0E}"
EndProject
Project("{9A19103F-16F7-4668-BE54-9A1E7A4F7556}") = "AssetRipper.Mining.EngineFileExtractor", "AssetRipper.Mining.EngineFileExtractor\AssetRipper.Mining.EngineFileExtractor.csproj", "{DAD9BA2F-8A03-43D8-A3E5-73493A10AF0B}"
EndProject
Project("{9A19103F-16F7-4668-BE54-9A1E7A4F7556}") = "AssetRipper.Mining.PredefinedAssets.Tests", "AssetRipper.Mining.PredefinedAssets.Tests\AssetRipper.Mining.PredefinedAssets.Tests.csproj", "{C3E8E9EA-1710-4346-B96A-EA757FB13301}"
EndProject
Project("{9A19103F-16F7-4668-BE54-9A1E7A4F7556}") = "AssetRipper.Import", "..\AssetRipper\Source\AssetRipper.Import\AssetRipper.Import.csproj", "{44876B0D-F234-46E7-9A94-BE35CA29049F}"
EndProject
Project("{9A19103F-16F7-4668-BE54-9A1E7A4F7556}") = "AssetRipper.SourceGenerated.Extensions", "..\AssetRipper\Source\AssetRipper.SourceGenerated.Extensions\AssetRipper.SourceGenerated.Extensions.csproj", "{B5094214-6FC3-4F55-B448-D83E114BC1BC}"
EndProject
Project("{9A19103F-16F7-4668-BE54-9A1E7A4F7556}") = "AssetRipper.Numerics", "..\AssetRipper\Source\AssetRipper.Numerics\AssetRipper.Numerics.csproj", "{BDE02D36-76D0-4A73-A30C-6CD015FA5A99}"
EndProject
Project("{9A19103F-16F7-4668-BE54-9A1E7A4F7556}") = "AssetRipper.Assets", "..\AssetRipper\Source\AssetRipper.Assets\AssetRipper.Assets.csproj", "{98EE060B-FFE4-4D52-B361-69D42D2C00A4}"
EndProject
Project("{9A19103F-16F7-4668-BE54-9A1E7A4F7556}") = "AssetRipper.IO.Files", "..\AssetRipper\Source\AssetRipper.IO.Files\AssetRipper.IO.Files.csproj", "{6F14FBBA-B839-4023-8C92-138A57F30673}"
EndProject
Project("{9A19103F-16F7-4668-BE54-9A1E7A4F7556}") = "AssetRipper.SerializationLogic", "..\AssetRipper\Source\AssetRipper.SerializationLogic\AssetRipper.SerializationLogic.csproj", "{A24296F8-A10F-43B5-8190-4406C75882D3}"
EndProject
Global
	GlobalSection(SolutionConfigurationPlatforms) = preSolution
		Debug|Any CPU = Debug|Any CPU
		Release|Any CPU = Release|Any CPU
	EndGlobalSection
	GlobalSection(ProjectConfigurationPlatforms) = postSolution
		{FB07EA28-DF08-4B94-8368-125C7BB54C0E}.Debug|Any CPU.ActiveCfg = Debug|Any CPU
		{FB07EA28-DF08-4B94-8368-125C7BB54C0E}.Debug|Any CPU.Build.0 = Debug|Any CPU
		{FB07EA28-DF08-4B94-8368-125C7BB54C0E}.Release|Any CPU.ActiveCfg = Release|Any CPU
		{FB07EA28-DF08-4B94-8368-125C7BB54C0E}.Release|Any CPU.Build.0 = Release|Any CPU
		{DAD9BA2F-8A03-43D8-A3E5-73493A10AF0B}.Debug|Any CPU.ActiveCfg = Debug|Any CPU
		{DAD9BA2F-8A03-43D8-A3E5-73493A10AF0B}.Debug|Any CPU.Build.0 = Debug|Any CPU
		{DAD9BA2F-8A03-43D8-A3E5-73493A10AF0B}.Release|Any CPU.ActiveCfg = Release|Any CPU
		{DAD9BA2F-8A03-43D8-A3E5-73493A10AF0B}.Release|Any CPU.Build.0 = Release|Any CPU
		{C3E8E9EA-1710-4346-B96A-EA757FB13301}.Debug|Any CPU.ActiveCfg = Debug|Any CPU
		{C3E8E9EA-1710-4346-B96A-EA757FB13301}.Debug|Any CPU.Build.0 = Debug|Any CPU
		{C3E8E9EA-1710-4346-B96A-EA757FB13301}.Release|Any CPU.ActiveCfg = Release|Any CPU
		{C3E8E9EA-1710-4346-B96A-EA757FB13301}.Release|Any CPU.Build.0 = Release|Any CPU
		{44876B0D-F234-46E7-9A94-BE35CA29049F}.Debug|Any CPU.ActiveCfg = Debug|Any CPU
		{44876B0D-F234-46E7-9A94-BE35CA29049F}.Debug|Any CPU.Build.0 = Debug|Any CPU
		{44876B0D-F234-46E7-9A94-BE35CA29049F}.Release|Any CPU.ActiveCfg = Release|Any CPU
		{44876B0D-F234-46E7-9A94-BE35CA29049F}.Release|Any CPU.Build.0 = Release|Any CPU
		{B5094214-6FC3-4F55-B448-D83E114BC1BC}.Debug|Any CPU.ActiveCfg = Debug|Any CPU
		{B5094214-6FC3-4F55-B448-D83E114BC1BC}.Debug|Any CPU.Build.0 = Debug|Any CPU
		{B5094214-6FC3-4F55-B448-D83E114BC1BC}.Release|Any CPU.ActiveCfg = Release|Any CPU
		{B5094214-6FC3-4F55-B448-D83E114BC1BC}.Release|Any CPU.Build.0 = Release|Any CPU
		{BDE02D36-76D0-4A73-A30C-6CD015FA5A99}.Debug|Any CPU.ActiveCfg = Debug|Any CPU
		{BDE02D36-76D0-4A73-A30C-6CD015FA5A99}.Debug|Any CPU.Build.0 = Debug|Any CPU
		{BDE02D36-76D0-4A73-A30C-6CD015FA5A99}.Release|Any CPU.ActiveCfg = Release|Any CPU
		{BDE02D36-76D0-4A73-A30C-6CD015FA5A99}.Release|Any CPU.Build.0 = Release|Any CPU
		{98EE060B-FFE4-4D52-B361-69D42D2C00A4}.Debug|Any CPU.ActiveCfg = Debug|Any CPU
		{98EE060B-FFE4-4D52-B361-69D42D2C00A4}.Debug|Any CPU.Build.0 = Debug|Any CPU
		{98EE060B-FFE4-4D52-B361-69D42D2C00A4}.Release|Any CPU.ActiveCfg = Release|Any CPU
		{98EE060B-FFE4-4D52-B361-69D42D2C00A4}.Release|Any CPU.Build.0 = Release|Any CPU
		{6F14FBBA-B839-4023-8C92-138A57F30673}.Debug|Any CPU.ActiveCfg = Debug|Any CPU
		{6F14FBBA-B839-4023-8C92-138A57F30673}.Debug|Any CPU.Build.0 = Debug|Any CPU
		{6F14FBBA-B839-4023-8C92-138A57F30673}.Release|Any CPU.ActiveCfg = Release|Any CPU
		{6F14FBBA-B839-4023-8C92-138A57F30673}.Release|Any CPU.Build.0 = Release|Any CPU
		{A24296F8-A10F-43B5-8190-4406C75882D3}.Debug|Any CPU.ActiveCfg = Debug|Any CPU
		{A24296F8-A10F-43B5-8190-4406C75882D3}.Debug|Any CPU.Build.0 = Debug|Any CPU
		{A24296F8-A10F-43B5-8190-4406C75882D3}.Release|Any CPU.ActiveCfg = Release|Any CPU
		{A24296F8-A10F-43B5-8190-4406C75882D3}.Release|Any CPU.Build.0 = Release|Any CPU
	EndGlobalSection
	GlobalSection(SolutionProperties) = preSolution
		HideSolutionNode = FALSE
	EndGlobalSection
	GlobalSection(ExtensibilityGlobals) = postSolution
		SolutionGuid = {4FA19967-4287-4AB6-B164-4C730801CFE2}
	EndGlobalSection
EndGlobal
